Microsoft Visual Studio Solution File, Format Version 11.00
# Visual Studio 2008

Project("{64FF7131-2732-BF88-8CA7-780BE8BBE8D9}") = "UluaDemo", "Assembly-CSharp.csproj", "{DC077A1A-5258-627D-CEFF-7293B6B4B203}"
EndProject
Project("{64FF7131-2732-BF88-8CA7-780BE8BBE8D9}") = "UluaDemo", "Assembly-CSharp-Editor.csproj", "{F751B794-8B42-023A-3267-196E34C3183E}"
EndProject
Global
	GlobalSection(SolutionConfigurationPlatforms) = preSolution
		Debug|Any CPU = Debug|Any CPU
		Release|Any CPU = Release|Any CPU
	EndGlobalSection
	GlobalSection(ProjectConfigurationPlatforms) = postSolution
		{DC077A1A-5258-627D-CEFF-7293B6B4B203}.Debug|Any CPU.ActiveCfg = Debug|Any CPU
		{DC077A1A-5258-627D-CEFF-7293B6B4B203}.Debug|Any CPU.Build.0 = Debug|Any CPU
		{DC077A1A-5258-627D-CEFF-7293B6B4B203}.Release|Any CPU.ActiveCfg = Release|Any CPU
		{DC077A1A-5258-627D-CEFF-7293B6B4B203}.Release|Any CPU.Build.0 = Release|Any CPU
		{F751B794-8B42-023A-3267-196E34C3183E}.Debug|Any CPU.ActiveCfg = Debug|Any CPU
		{F751B794-8B42-023A-3267-196E34C3183E}.Debug|Any CPU.Build.0 = Debug|Any CPU
		{F751B794-8B42-023A-3267-196E34C3183E}.Release|Any CPU.ActiveCfg = Release|Any CPU
		{F751B794-8B42-023A-3267-196E34C3183E}.Release|Any CPU.Build.0 = Release|Any CPU
	EndGlobalSection
	GlobalSection(SolutionProperties) = preSolution
		HideSolutionNode = FALSE
	EndGlobalSection
	GlobalSection(MonoDevelopProperties) = preSolution
		StartupItem = Assembly-CSharp.csproj
	EndGlobalSection
EndGlobal
